
Microsoft Visual Studio Solution File, Format Version 12.00
# Visual Studio Version 17
VisualStudioVersion = 17.2.32210.308
MinimumVisualStudioVersion = 10.0.40219.1
Project("{FAE04EC0-301F-11D3-BF4B-00C04F79EFBC}") = "TorchSharp.Demo", "TorchSharp.Demo\TorchSharp.Demo.csproj", "{74E354B1-5D13-4C26-84E5-425085F71F13}"
EndProject
Global
	GlobalSection(SolutionConfigurationPlatforms) = preSolution
		Debug|Any CPU = Debug|Any CPU
		Release|Any CPU = Release|Any CPU
	EndGlobalSection
	GlobalSection(ProjectConfigurationPlatforms) = postSolution
		{74E354B1-5D13-4C26-84E5-425085F71F13}.Debug|Any CPU.ActiveCfg = Debug|Any CPU
		{74E354B1-5D13-4C26-84E5-425085F71F13}.Debug|Any CPU.Build.0 = Debug|Any CPU
		{74E354B1-5D13-4C26-84E5-425085F71F13}.Release|Any CPU.ActiveCfg = Release|Any CPU
		{74E354B1-5D13-4C26-84E5-425085F71F13}.Release|Any CPU.Build.0 = Release|Any CPU
	EndGlobalSection
	GlobalSection(SolutionProperties) = preSolution
		HideSolutionNode = FALSE
	EndGlobalSection
	GlobalSection(ExtensibilityGlobals) = postSolution
		SolutionGuid = {F47C8C41-E095-4ACA-8E78-ABD8BFCBB563}
	EndGlobalSection
EndGlobal
